
Microsoft Visual Studio Solution File, Format Version 12.00
# Visual Studio Version 17
VisualStudioVersion = 17.7.34031.279
MinimumVisualStudioVersion = 10.0.40219.1
Project("{FAE04EC0-301F-11D3-BF4B-00C04F79EFBC}") = "CSLight", "CSLight\CSLight.csproj", "{DCB7E562-A1EC-407D-93B4-D99EEC1B14C6}"
EndProject
Global
	GlobalSection(SolutionConfigurationPlatforms) = preSolution
		Debug|Any CPU = Debug|Any CPU
		Release|Any CPU = Release|Any CPU
	EndGlobalSection
	GlobalSection(ProjectConfigurationPlatforms) = postSolution
		{DCB7E562-A1EC-407D-93B4-D99EEC1B14C6}.Debug|Any CPU.ActiveCfg = Debug|Any CPU
		{DCB7E562-A1EC-407D-93B4-D99EEC1B14C6}.Debug|Any CPU.Build.0 = Debug|Any CPU
		{DCB7E562-A1EC-407D-93B4-D99EEC1B14C6}.Release|Any CPU.ActiveCfg = Release|Any CPU
		{DCB7E562-A1EC-407D-93B4-D99EEC1B14C6}.Release|Any CPU.Build.0 = Release|Any CPU
	EndGlobalSection
	GlobalSection(SolutionProperties) = preSolution
		HideSolutionNode = FALSE
	EndGlobalSection
	GlobalSection(ExtensibilityGlobals) = postSolution
		SolutionGuid = {63A61F66-2B92-4C7D-A7C8-CC572E4E3952}
	EndGlobalSection
EndGlobal
